{
  "pins" : [
    {
      "identity" : "swift-argument-parser",
      "kind" : "remoteSourceControl",
      "location" : "https://github.com/apple/swift-argument-parser",
      "state" : {
        "revision" : "41982a3656a71c768319979febd796c6fd111d5c",
        "version" : "1.5.0"
      }
    },
    {
      "identity" : "swift-coreimage-image",
      "kind" : "remoteSourceControl",
      "location" : "https://github.com/sfomuseum/swift-coreimage-image.git",
      "state" : {
        "revision" : "f4788377a03a9bf5bb5cb7bace732b70192941ab",
        "version" : "1.1.0"
      }
    },
    {
      "identity" : "swift-image-emboss",
      "kind" : "remoteSourceControl",
      "location" : "https://github.com/sfomuseum/swift-image-emboss",
      "state" : {
        "revision" : "8e92c1832e1d80a2116546b3c3edc2bb767ae5a8",
        "version" : "0.0.5"
      }
    }
  ],
  "version" : 2
}
